
Microsoft Visual Studio Solution File, Format Version 12.00
# Visual Studio Version 17
VisualStudioVersion = 17.8.34330.188
MinimumVisualStudioVersion = 10.0.40219.1
Project("{9A19103F-16F7-4668-BE54-9A1E7A4F7556}") = "BitfinexAuction.Client", "BitfinexAuction.Client\BitfinexAuction.Client.csproj", "{317950B9-85FB-4A99-911F-6BC3EF983CEB}"
EndProject
Project("{FAE04EC0-301F-11D3-BF4B-00C04F79EFBC}") = "BitfinexAuction", "BitfinexAuction\BitfinexAuction.csproj", "{C63C8CB6-DC1C-4920-9D5D-B1C8C3019CE3}"
EndProject
Global
	GlobalSection(SolutionConfigurationPlatforms) = preSolution
		Debug|Any CPU = Debug|Any CPU
		Release|Any CPU = Release|Any CPU
	EndGlobalSection
	GlobalSection(ProjectConfigurationPlatforms) = postSolution
		{317950B9-85FB-4A99-911F-6BC3EF983CEB}.Debug|Any CPU.ActiveCfg = Debug|Any CPU
		{317950B9-85FB-4A99-911F-6BC3EF983CEB}.Debug|Any CPU.Build.0 = Debug|Any CPU
		{317950B9-85FB-4A99-911F-6BC3EF983CEB}.Release|Any CPU.ActiveCfg = Release|Any CPU
		{317950B9-85FB-4A99-911F-6BC3EF983CEB}.Release|Any CPU.Build.0 = Release|Any CPU
		{C63C8CB6-DC1C-4920-9D5D-B1C8C3019CE3}.Debug|Any CPU.ActiveCfg = Debug|Any CPU
		{C63C8CB6-DC1C-4920-9D5D-B1C8C3019CE3}.Debug|Any CPU.Build.0 = Debug|Any CPU
		{C63C8CB6-DC1C-4920-9D5D-B1C8C3019CE3}.Release|Any CPU.ActiveCfg = Release|Any CPU
		{C63C8CB6-DC1C-4920-9D5D-B1C8C3019CE3}.Release|Any CPU.Build.0 = Release|Any CPU
	EndGlobalSection
	GlobalSection(SolutionProperties) = preSolution
		HideSolutionNode = FALSE
	EndGlobalSection
	GlobalSection(ExtensibilityGlobals) = postSolution
		SolutionGuid = {58A7F2A6-075E-4E6E-AE98-F228BE091D55}
	EndGlobalSection
EndGlobal
